
Microsoft Visual Studio Solution File, Format Version 12.00
# Visual Studio 2013
VisualStudioVersion = 12.0.31101.0
MinimumVisualStudioVersion = 10.0.40219.1
Project("{FAE04EC0-301F-11D3-BF4B-00C04F79EFBC}") = "SearchInFiles", "SearchInFiles\SearchInFiles.csproj", "{DDD57D3B-7B32-46C0-A653-731E3B2C112C}"
EndProject
Global
	GlobalSection(TeamFoundationVersionControl) = preSolution
		SccNumberOfProjects = 2
		SccEnterpriseProvider = {4CA58AB2-18FA-4F8D-95D4-32DDF27D184C}
		SccTeamFoundationServer = http://10.10.103.95:8080/tfs/defaultcollection
		SccLocalPath0 = .
		SccProjectUniqueName1 = SearchInFiles\\SearchInFiles.csproj
		SccProjectName1 = SearchInFiles
		SccLocalPath1 = SearchInFiles
	EndGlobalSection
	GlobalSection(SolutionConfigurationPlatforms) = preSolution
		Debug|Any CPU = Debug|Any CPU
		Release|Any CPU = Release|Any CPU
	EndGlobalSection
	GlobalSection(ProjectConfigurationPlatforms) = postSolution
		{DDD57D3B-7B32-46C0-A653-731E3B2C112C}.Debug|Any CPU.ActiveCfg = Debug|Any CPU
		{DDD57D3B-7B32-46C0-A653-731E3B2C112C}.Debug|Any CPU.Build.0 = Debug|Any CPU
		{DDD57D3B-7B32-46C0-A653-731E3B2C112C}.Release|Any CPU.ActiveCfg = Release|Any CPU
		{DDD57D3B-7B32-46C0-A653-731E3B2C112C}.Release|Any CPU.Build.0 = Release|Any CPU
	EndGlobalSection
	GlobalSection(SolutionProperties) = preSolution
		HideSolutionNode = FALSE
	EndGlobalSection
EndGlobal
